
Microsoft Visual Studio Solution File, Format Version 12.00
# Visual Studio Version 17
VisualStudioVersion = 17.14.37411.7
MinimumVisualStudioVersion = 10.0.40219.1
Project("{FAE04EC0-301F-11D3-BF4B-00C04F79EFBC}") = "PizzaShop", "PizzaShop\PizzaShop.csproj", "{831FC21E-0D43-4957-B3CA-1170DBD0A4B8}"
EndProject
Project("{FAE04EC0-301F-11D3-BF4B-00C04F79EFBC}") = "PizzaShop.Domain", "PizzaShop.Domain\PizzaShop.Domain.csproj", "{0CC98B27-5A23-40F4-8D2D-544088525129}"
EndProject
Global
	GlobalSection(SolutionConfigurationPlatforms) = preSolution
		Debug|Any CPU = Debug|Any CPU
		Release|Any CPU = Release|Any CPU
	EndGlobalSection
	GlobalSection(ProjectConfigurationPlatforms) = postSolution
		{831FC21E-0D43-4957-B3CA-1170DBD0A4B8}.Debug|Any CPU.ActiveCfg = Debug|Any CPU
		{831FC21E-0D43-4957-B3CA-1170DBD0A4B8}.Debug|Any CPU.Build.0 = Debug|Any CPU
		{831FC21E-0D43-4957-B3CA-1170DBD0A4B8}.Release|Any CPU.ActiveCfg = Release|Any CPU
		{831FC21E-0D43-4957-B3CA-1170DBD0A4B8}.Release|Any CPU.Build.0 = Release|Any CPU
		{0CC98B27-5A23-40F4-8D2D-544088525129}.Debug|Any CPU.ActiveCfg = Debug|Any CPU
		{0CC98B27-5A23-40F4-8D2D-544088525129}.Debug|Any CPU.Build.0 = Debug|Any CPU
		{0CC98B27-5A23-40F4-8D2D-544088525129}.Release|Any CPU.ActiveCfg = Release|Any CPU
		{0CC98B27-5A23-40F4-8D2D-544088525129}.Release|Any CPU.Build.0 = Release|Any CPU
	EndGlobalSection
	GlobalSection(SolutionProperties) = preSolution
		HideSolutionNode = FALSE
	EndGlobalSection
	GlobalSection(ExtensibilityGlobals) = postSolution
		SolutionGuid = {E6C02DDF-ADF6-4852-AEF8-FF8766F57FF4}
	EndGlobalSection
EndGlobal
